
Microsoft Visual Studio Solution File, Format Version 12.00
# Visual Studio Version 17
VisualStudioVersion = 17.3.32901.215
MinimumVisualStudioVersion = 10.0.40219.1
Project("{FAE04EC0-301F-11D3-BF4B-00C04F79EFBC}") = "Exec_For01", "Exec_For01\Exec_For01.csproj", "{677A7D7A-9B1A-411B-8759-974D89B6629B}"
EndProject
Project("{FAE04EC0-301F-11D3-BF4B-00C04F79EFBC}") = "Exec_For02", "Exec_For02\Exec_For02.csproj", "{58D9F5C1-168A-4EA2-AC1D-8286F40E984C}"
EndProject
Project("{FAE04EC0-301F-11D3-BF4B-00C04F79EFBC}") = "Exec_For03", "Exec_For03\Exec_For03.csproj", "{1485ADB2-00A0-468F-BA9F-BA5094E105CE}"
EndProject
Global
	GlobalSection(SolutionConfigurationPlatforms) = preSolution
		Debug|Any CPU = Debug|Any CPU
		Release|Any CPU = Release|Any CPU
	EndGlobalSection
	GlobalSection(ProjectConfigurationPlatforms) = postSolution
		{677A7D7A-9B1A-411B-8759-974D89B6629B}.Debug|Any CPU.ActiveCfg = Debug|Any CPU
		{677A7D7A-9B1A-411B-8759-974D89B6629B}.Debug|Any CPU.Build.0 = Debug|Any CPU
		{677A7D7A-9B1A-411B-8759-974D89B6629B}.Release|Any CPU.ActiveCfg = Release|Any CPU
		{677A7D7A-9B1A-411B-8759-974D89B6629B}.Release|Any CPU.Build.0 = Release|Any CPU
		{58D9F5C1-168A-4EA2-AC1D-8286F40E984C}.Debug|Any CPU.ActiveCfg = Debug|Any CPU
		{58D9F5C1-168A-4EA2-AC1D-8286F40E984C}.Debug|Any CPU.Build.0 = Debug|Any CPU
		{58D9F5C1-168A-4EA2-AC1D-8286F40E984C}.Release|Any CPU.ActiveCfg = Release|Any CPU
		{58D9F5C1-168A-4EA2-AC1D-8286F40E984C}.Release|Any CPU.Build.0 = Release|Any CPU
		{1485ADB2-00A0-468F-BA9F-BA5094E105CE}.Debug|Any CPU.ActiveCfg = Debug|Any CPU
		{1485ADB2-00A0-468F-BA9F-BA5094E105CE}.Debug|Any CPU.Build.0 = Debug|Any CPU
		{1485ADB2-00A0-468F-BA9F-BA5094E105CE}.Release|Any CPU.ActiveCfg = Release|Any CPU
		{1485ADB2-00A0-468F-BA9F-BA5094E105CE}.Release|Any CPU.Build.0 = Release|Any CPU
	EndGlobalSection
	GlobalSection(SolutionProperties) = preSolution
		HideSolutionNode = FALSE
	EndGlobalSection
	GlobalSection(ExtensibilityGlobals) = postSolution
		SolutionGuid = {09437F50-88C6-48BD-9B1A-1A6C5198A527}
	EndGlobalSection
EndGlobal
